
Microsoft Visual Studio Solution File, Format Version 12.00
# Visual Studio Version 16
VisualStudioVersion = 16.0.30907.101
MinimumVisualStudioVersion = 10.0.40219.1
Project("{FAE04EC0-301F-11D3-BF4B-00C04F79EFBC}") = "UserRegistrationLambdaExpression", "UserRegistrationLambdaExpression\UserRegistrationLambdaExpression.csproj", "{326EF4E6-A661-46D3-8C3E-FBC9572FC461}"
EndProject
Global
	GlobalSection(SolutionConfigurationPlatforms) = preSolution
		Debug|Any CPU = Debug|Any CPU
		Release|Any CPU = Release|Any CPU
	EndGlobalSection
	GlobalSection(ProjectConfigurationPlatforms) = postSolution
		{326EF4E6-A661-46D3-8C3E-FBC9572FC461}.Debug|Any CPU.ActiveCfg = Debug|Any CPU
		{326EF4E6-A661-46D3-8C3E-FBC9572FC461}.Debug|Any CPU.Build.0 = Debug|Any CPU
		{326EF4E6-A661-46D3-8C3E-FBC9572FC461}.Release|Any CPU.ActiveCfg = Release|Any CPU
		{326EF4E6-A661-46D3-8C3E-FBC9572FC461}.Release|Any CPU.Build.0 = Release|Any CPU
	EndGlobalSection
	GlobalSection(SolutionProperties) = preSolution
		HideSolutionNode = FALSE
	EndGlobalSection
	GlobalSection(ExtensibilityGlobals) = postSolution
		SolutionGuid = {5B1CE03B-D22D-45FA-A5E0-923FA9286B30}
	EndGlobalSection
EndGlobal
